// !$*UTF8*$!
{
	archiveVersion = 1;
	classes = {
	};
	objectVersion = 77;
	objects = {

/* Begin PBXBuildFile section */
		D41D83382F2EB7F800880103 /* Media.xcassets in Resources */ = {isa = PBXBuildFile; fileRef = D41D83372F2EB7F800880103 /* Media.xcassets */; };
		D42456232F32B57200148264 /* Assets.xcassets in Resources */ = {isa = PBXBuildFile; fileRef = D451ABB42F2D0FAA00116B91 /* Assets.xcassets */; };
		D42456242F32B57800148264 /* USA.csv in Resources */ = {isa = PBXBuildFile; fileRef = D42A111B2F2D5465000C9277 /* USA.csv */; };
		D42456252F32B57D00148264 /* Omaha.csv in Resources */ = {isa = PBXBuildFile; fileRef = D44840EB2F3155440015A2AB /* Omaha.csv */; };
		D42456262F32B58300148264 /* Philadelphia.csv in Resources */ = {isa = PBXBuildFile; fileRef = D44840EC2F3155440015A2AB /* Philadelphia.csv */; };
		D42456272F32B58800148264 /* Localizable.strings in Resources */ = {isa = PBXBuildFile; fileRef = D44840EF2F3157E20015A2AB /* Localizable.strings */; };
		D42456292F32B5AB00148264 /* RVS_Generic_Swift_Toolbox in Frameworks */ = {isa = PBXBuildFile; productRef = D42456282F32B5AB00148264 /* RVS_Generic_Swift_Toolbox */; };
		D424562A2F32B5AB00148264 /* BigJuJuMap.framework in Frameworks */ = {isa = PBXBuildFile; fileRef = D451ABE52F2D118A00116B91 /* BigJuJuMap.framework */; };
		D424562B2F32B5AB00148264 /* BigJuJuMap.framework in Embed Frameworks */ = {isa = PBXBuildFile; fileRef = D451ABE52F2D118A00116B91 /* BigJuJuMap.framework */; settings = {ATTRIBUTES = (CodeSignOnCopy, RemoveHeadersOnCopy, ); }; };
		D42456322F32B5C900148264 /* BJJM_SwiftUIMainView.swift in Sources */ = {isa = PBXBuildFile; fileRef = D424562F2F32B5C900148264 /* BJJM_SwiftUIMainView.swift */; };
		D42456332F32B5C900148264 /* BJJM_SwiftUIApp.swift in Sources */ = {isa = PBXBuildFile; fileRef = D42456302F32B5C900148264 /* BJJM_SwiftUIApp.swift */; };
		D42A111C2F2D5465000C9277 /* USA.csv in Resources */ = {isa = PBXBuildFile; fileRef = D42A111B2F2D5465000C9277 /* USA.csv */; };
		D44840ED2F3155440015A2AB /* Omaha.csv in Resources */ = {isa = PBXBuildFile; fileRef = D44840EB2F3155440015A2AB /* Omaha.csv */; };
		D44840EE2F3155440015A2AB /* Philadelphia.csv in Resources */ = {isa = PBXBuildFile; fileRef = D44840EC2F3155440015A2AB /* Philadelphia.csv */; };
		D44840F12F3157E20015A2AB /* Localizable.strings in Resources */ = {isa = PBXBuildFile; fileRef = D44840EF2F3157E20015A2AB /* Localizable.strings */; };
		D44840F42F315BC20015A2AB /* RVS_Generic_Swift_Toolbox in Frameworks */ = {isa = PBXBuildFile; productRef = D44840F32F315BC20015A2AB /* RVS_Generic_Swift_Toolbox */; };
		D451ABBD2F2D0FAA00116B91 /* BJJM_AppDelegate.swift in Sources */ = {isa = PBXBuildFile; fileRef = D451ABB32F2D0FAA00116B91 /* BJJM_AppDelegate.swift */; };
		D451ABBE2F2D0FAA00116B91 /* BJJM_SceneDelegate.swift in Sources */ = {isa = PBXBuildFile; fileRef = D451ABBA2F2D0FAA00116B91 /* BJJM_SceneDelegate.swift */; };
		D451ABBF2F2D0FAA00116B91 /* BJJM_ViewController.swift in Sources */ = {isa = PBXBuildFile; fileRef = D451ABBB2F2D0FAA00116B91 /* BJJM_ViewController.swift */; };
		D451ABC02F2D0FAA00116B91 /* Assets.xcassets in Resources */ = {isa = PBXBuildFile; fileRef = D451ABB42F2D0FAA00116B91 /* Assets.xcassets */; };
		D451ABC22F2D0FAA00116B91 /* LaunchScreen.storyboard in Resources */ = {isa = PBXBuildFile; fileRef = D451ABB72F2D0FAA00116B91 /* LaunchScreen.storyboard */; };
		D451ABC32F2D0FAA00116B91 /* Main.storyboard in Resources */ = {isa = PBXBuildFile; fileRef = D451ABB92F2D0FAA00116B91 /* Main.storyboard */; };
		D451ABEB2F2D118A00116B91 /* BigJuJuMap.framework in Frameworks */ = {isa = PBXBuildFile; fileRef = D451ABE52F2D118A00116B91 /* BigJuJuMap.framework */; };
		D451ABEC2F2D118A00116B91 /* BigJuJuMap.framework in Embed Frameworks */ = {isa = PBXBuildFile; fileRef = D451ABE52F2D118A00116B91 /* BigJuJuMap.framework */; settings = {ATTRIBUTES = (CodeSignOnCopy, RemoveHeadersOnCopy, ); }; };
		D451ABF02F2D119600116B91 /* BigJuJuMap.swift in Sources */ = {isa = PBXBuildFile; fileRef = D451AB942F2D0F4400116B91 /* BigJuJuMap.swift */; };
		D451ABF12F2D119E00116B91 /* BigJuJuMap.docc in Sources */ = {isa = PBXBuildFile; fileRef = D451AB932F2D0F4400116B91 /* BigJuJuMap.docc */; };
/* End PBXBuildFile section */

/* Begin PBXContainerItemProxy section */
		D424562C2F32B5AB00148264 /* PBXContainerItemProxy */ = {
			isa = PBXContainerItemProxy;
			containerPortal = D43A138C2F2A3F35001FD7C6 /* Project object */;
			proxyType = 1;
			remoteGlobalIDString = D451ABE42F2D118A00116B91;
			remoteInfo = BigJuJuMap;
		};
		D451ABE92F2D118A00116B91 /* PBXContainerItemProxy */ = {
			isa = PBXContainerItemProxy;
			containerPortal = D43A138C2F2A3F35001FD7C6 /* Project object */;
			proxyType = 1;
			remoteGlobalIDString = D451ABE42F2D118A00116B91;
			remoteInfo = BigJuJuMap;
		};
/* End PBXContainerItemProxy section */

/* Begin PBXCopyFilesBuildPhase section */
		D424562E2F32B5AB00148264 /* Embed Frameworks */ = {
			isa = PBXCopyFilesBuildPhase;
			buildActionMask = 2147483647;
			dstPath = "";
			dstSubfolderSpec = 10;
			files = (
				D424562B2F32B5AB00148264 /* BigJuJuMap.framework in Embed Frameworks */,
			);
			name = "Embed Frameworks";
			runOnlyForDeploymentPostprocessing = 0;
		};
		D451ABD02F2D10CB00116B91 /* Embed Frameworks */ = {
			isa = PBXCopyFilesBuildPhase;
			buildActionMask = 2147483647;
			dstPath = "";
			dstSubfolderSpec = 10;
			files = (
				D451ABEC2F2D118A00116B91 /* BigJuJuMap.framework in Embed Frameworks */,
			);
			name = "Embed Frameworks";
			runOnlyForDeploymentPostprocessing = 0;
		};
/* End PBXCopyFilesBuildPhase section */

/* Begin PBXFileReference section */
		D41D83372F2EB7F800880103 /* Media.xcassets */ = {isa = PBXFileReference; lastKnownFileType = folder.assetcatalog; path = Media.xcassets; sourceTree = "<group>"; };
		D42456182F32B55000148264 /* SwiftUITestHarness.app */ = {isa = PBXFileReference; explicitFileType = wrapper.application; includeInIndex = 0; path = SwiftUITestHarness.app; sourceTree = BUILT_PRODUCTS_DIR; };
		D424562F2F32B5C900148264 /* BJJM_SwiftUIMainView.swift */ = {isa = PBXFileReference; lastKnownFileType = sourcecode.swift; path = BJJM_SwiftUIMainView.swift; sourceTree = "<group>"; };
		D42456302F32B5C900148264 /* BJJM_SwiftUIApp.swift */ = {isa = PBXFileReference; lastKnownFileType = sourcecode.swift; path = BJJM_SwiftUIApp.swift; sourceTree = "<group>"; };
		D42A111B2F2D5465000C9277 /* USA.csv */ = {isa = PBXFileReference; lastKnownFileType = text; path = USA.csv; sourceTree = "<group>"; };
		D44840EB2F3155440015A2AB /* Omaha.csv */ = {isa = PBXFileReference; lastKnownFileType = text; path = Omaha.csv; sourceTree = "<group>"; };
		D44840EC2F3155440015A2AB /* Philadelphia.csv */ = {isa = PBXFileReference; lastKnownFileType = text; path = Philadelphia.csv; sourceTree = "<group>"; };
		D44840F02F3157E20015A2AB /* en */ = {isa = PBXFileReference; lastKnownFileType = text.plist.strings; name = en; path = en.lproj/Localizable.strings; sourceTree = "<group>"; };
		D451AB932F2D0F4400116B91 /* BigJuJuMap.docc */ = {isa = PBXFileReference; lastKnownFileType = folder.documentationcatalog; path = BigJuJuMap.docc; sourceTree = "<group>"; };
		D451AB942F2D0F4400116B91 /* BigJuJuMap.swift */ = {isa = PBXFileReference; lastKnownFileType = sourcecode.swift; path = BigJuJuMap.swift; sourceTree = "<group>"; };
		D451AB9E2F2D0FA100116B91 /* UIKitTestHarness.app */ = {isa = PBXFileReference; explicitFileType = wrapper.application; includeInIndex = 0; path = UIKitTestHarness.app; sourceTree = BUILT_PRODUCTS_DIR; };
		D451ABB32F2D0FAA00116B91 /* BJJM_AppDelegate.swift */ = {isa = PBXFileReference; lastKnownFileType = sourcecode.swift; path = BJJM_AppDelegate.swift; sourceTree = "<group>"; };
		D451ABB42F2D0FAA00116B91 /* Assets.xcassets */ = {isa = PBXFileReference; lastKnownFileType = folder.assetcatalog; path = Assets.xcassets; sourceTree = "<group>"; };
		D451ABB52F2D0FAA00116B91 /* Info.plist */ = {isa = PBXFileReference; lastKnownFileType = text.plist.xml; path = Info.plist; sourceTree = "<group>"; };
		D451ABB62F2D0FAA00116B91 /* Base */ = {isa = PBXFileReference; lastKnownFileType = file.storyboard; name = Base; path = Base.lproj/LaunchScreen.storyboard; sourceTree = "<group>"; };
		D451ABB82F2D0FAA00116B91 /* Base */ = {isa = PBXFileReference; lastKnownFileType = file.storyboard; name = Base; path = Base.lproj/Main.storyboard; sourceTree = "<group>"; };
		D451ABBA2F2D0FAA00116B91 /* BJJM_SceneDelegate.swift */ = {isa = PBXFileReference; lastKnownFileType = sourcecode.swift; path = BJJM_SceneDelegate.swift; sourceTree = "<group>"; };
		D451ABBB2F2D0FAA00116B91 /* BJJM_ViewController.swift */ = {isa = PBXFileReference; lastKnownFileType = sourcecode.swift; path = BJJM_ViewController.swift; sourceTree = "<group>"; };
		D451ABE52F2D118A00116B91 /* BigJuJuMap.framework */ = {isa = PBXFileReference; explicitFileType = wrapper.framework; includeInIndex = 0; path = BigJuJuMap.framework; sourceTree = BUILT_PRODUCTS_DIR; };
/* End PBXFileReference section */

/* Begin PBXFrameworksBuildPhase section */
		D42456152F32B55000148264 /* Frameworks */ = {
			isa = PBXFrameworksBuildPhase;
			buildActionMask = 2147483647;
			files = (
				D424562A2F32B5AB00148264 /* BigJuJuMap.framework in Frameworks */,
				D42456292F32B5AB00148264 /* RVS_Generic_Swift_Toolbox in Frameworks */,
			);
			runOnlyForDeploymentPostprocessing = 0;
		};
		D451AB9B2F2D0FA100116B91 /* Frameworks */ = {
			isa = PBXFrameworksBuildPhase;
			buildActionMask = 2147483647;
			files = (
				D44840F42F315BC20015A2AB /* RVS_Generic_Swift_Toolbox in Frameworks */,
				D451ABEB2F2D118A00116B91 /* BigJuJuMap.framework in Frameworks */,
			);
			runOnlyForDeploymentPostprocessing = 0;
		};
		D451ABE22F2D118A00116B91 /* Frameworks */ = {
			isa = PBXFrameworksBuildPhase;
			buildActionMask = 2147483647;
			files = (
			);
			runOnlyForDeploymentPostprocessing = 0;
		};
/* End PBXFrameworksBuildPhase section */

/* Begin PBXGroup section */
		D41D83362F2EB7D900880103 /* Resources */ = {
			isa = PBXGroup;
			children = (
				D41D83372F2EB7F800880103 /* Media.xcassets */,
			);
			path = Resources;
			sourceTree = "<group>";
		};
		D42456312F32B5C900148264 /* SwiftUITestHarness */ = {
			isa = PBXGroup;
			children = (
				D42456302F32B5C900148264 /* BJJM_SwiftUIApp.swift */,
				D424562F2F32B5C900148264 /* BJJM_SwiftUIMainView.swift */,
			);
			path = SwiftUITestHarness;
			sourceTree = "<group>";
		};
		D43A138B2F2A3F35001FD7C6 = {
			isa = PBXGroup;
			children = (
				D451AB982F2D0F5800116B91 /* Tests */,
				D43A13A12F2A3F52001FD7C6 /* Sources */,
				D43A13962F2A3F35001FD7C6 /* Products */,
			);
			sourceTree = "<group>";
		};
		D43A13962F2A3F35001FD7C6 /* Products */ = {
			isa = PBXGroup;
			children = (
				D451AB9E2F2D0FA100116B91 /* UIKitTestHarness.app */,
				D451ABE52F2D118A00116B91 /* BigJuJuMap.framework */,
				D42456182F32B55000148264 /* SwiftUITestHarness.app */,
			);
			name = Products;
			sourceTree = "<group>";
		};
		D43A13A12F2A3F52001FD7C6 /* Sources */ = {
			isa = PBXGroup;
			children = (
				D451AB952F2D0F4400116B91 /* BigJuJuMap */,
			);
			path = Sources;
			sourceTree = "<group>";
		};
		D451AB952F2D0F4400116B91 /* BigJuJuMap */ = {
			isa = PBXGroup;
			children = (
				D41D83362F2EB7D900880103 /* Resources */,
				D451AB942F2D0F4400116B91 /* BigJuJuMap.swift */,
				D451AB932F2D0F4400116B91 /* BigJuJuMap.docc */,
			);
			path = BigJuJuMap;
			sourceTree = "<group>";
		};
		D451AB982F2D0F5800116B91 /* Tests */ = {
			isa = PBXGroup;
			children = (
				D45E714A2F3237300018A6E9 /* Shared */,
				D42456312F32B5C900148264 /* SwiftUITestHarness */,
				D451ABBC2F2D0FAA00116B91 /* UIKitTestHarness */,
			);
			path = Tests;
			sourceTree = "<group>";
		};
		D451ABBC2F2D0FAA00116B91 /* UIKitTestHarness */ = {
			isa = PBXGroup;
			children = (
				D451ABB32F2D0FAA00116B91 /* BJJM_AppDelegate.swift */,
				D451ABBA2F2D0FAA00116B91 /* BJJM_SceneDelegate.swift */,
				D451ABBB2F2D0FAA00116B91 /* BJJM_ViewController.swift */,
				D451ABC52F2D101800116B91 /* Resources */,
				D451ABC42F2D100C00116B91 /* Meta */,
			);
			path = UIKitTestHarness;
			sourceTree = "<group>";
		};
		D451ABC42F2D100C00116B91 /* Meta */ = {
			isa = PBXGroup;
			children = (
				D451ABB52F2D0FAA00116B91 /* Info.plist */,
			);
			path = Meta;
			sourceTree = "<group>";
		};
		D451ABC52F2D101800116B91 /* Resources */ = {
			isa = PBXGroup;
			children = (
				D451ABB72F2D0FAA00116B91 /* LaunchScreen.storyboard */,
				D451ABB92F2D0FAA00116B91 /* Main.storyboard */,
			);
			path = Resources;
			sourceTree = "<group>";
		};
		D45E714A2F3237300018A6E9 /* Shared */ = {
			isa = PBXGroup;
			children = (
				D45E714B2F3237380018A6E9 /* Resources */,
			);
			path = Shared;
			sourceTree = "<group>";
		};
		D45E714B2F3237380018A6E9 /* Resources */ = {
			isa = PBXGroup;
			children = (
				D44840EF2F3157E20015A2AB /* Localizable.strings */,
				D451ABB42F2D0FAA00116B91 /* Assets.xcassets */,
				D42A111B2F2D5465000C9277 /* USA.csv */,
				D44840EB2F3155440015A2AB /* Omaha.csv */,
				D44840EC2F3155440015A2AB /* Philadelphia.csv */,
			);
			path = Resources;
			sourceTree = "<group>";
		};
/* End PBXGroup section */

/* Begin PBXHeadersBuildPhase section */
		D451ABE02F2D118A00116B91 /* Headers */ = {
			isa = PBXHeadersBuildPhase;
			buildActionMask = 2147483647;
			files = (
			);
			runOnlyForDeploymentPostprocessing = 0;
		};
/* End PBXHeadersBuildPhase section */

/* Begin PBXNativeTarget section */
		D42456172F32B55000148264 /* SwiftUITestHarness */ = {
			isa = PBXNativeTarget;
			buildConfigurationList = D42456222F32B55000148264 /* Build configuration list for PBXNativeTarget "SwiftUITestHarness" */;
			buildPhases = (
				D42456142F32B55000148264 /* Sources */,
				D42456152F32B55000148264 /* Frameworks */,
				D42456162F32B55000148264 /* Resources */,
				D424562E2F32B5AB00148264 /* Embed Frameworks */,
			);
			buildRules = (
			);
			dependencies = (
				D424562D2F32B5AB00148264 /* PBXTargetDependency */,
			);
			name = SwiftUITestHarness;
			packageProductDependencies = (
				D42456282F32B5AB00148264 /* RVS_Generic_Swift_Toolbox */,
			);
			productName = SwiftUITestHarness;
			productReference = D42456182F32B55000148264 /* SwiftUITestHarness.app */;
			productType = "com.apple.product-type.application";
		};
		D451AB9D2F2D0FA100116B91 /* UIKitTestHarness */ = {
			isa = PBXNativeTarget;
			buildConfigurationList = D451ABB02F2D0FA100116B91 /* Build configuration list for PBXNativeTarget "UIKitTestHarness" */;
			buildPhases = (
				D451AB9A2F2D0FA100116B91 /* Sources */,
				D451AB9B2F2D0FA100116B91 /* Frameworks */,
				D451AB9C2F2D0FA100116B91 /* Resources */,
				D451ABD02F2D10CB00116B91 /* Embed Frameworks */,
			);
			buildRules = (
			);
			dependencies = (
				D451ABEA2F2D118A00116B91 /* PBXTargetDependency */,
			);
			name = UIKitTestHarness;
			packageProductDependencies = (
				D44840F32F315BC20015A2AB /* RVS_Generic_Swift_Toolbox */,
			);
			productName = BigJujuMapTestHarness;
			productReference = D451AB9E2F2D0FA100116B91 /* UIKitTestHarness.app */;
			productType = "com.apple.product-type.application";
		};
		D451ABE42F2D118A00116B91 /* BigJuJuMap */ = {
			isa = PBXNativeTarget;
			buildConfigurationList = D451ABED2F2D118A00116B91 /* Build configuration list for PBXNativeTarget "BigJuJuMap" */;
			buildPhases = (
				D451ABE02F2D118A00116B91 /* Headers */,
				D451ABE12F2D118A00116B91 /* Sources */,
				D451ABE22F2D118A00116B91 /* Frameworks */,
				D451ABE32F2D118A00116B91 /* Resources */,
			);
			buildRules = (
			);
			dependencies = (
			);
			name = BigJuJuMap;
			packageProductDependencies = (
			);
			productName = BigJuJuMap;
			productReference = D451ABE52F2D118A00116B91 /* BigJuJuMap.framework */;
			productType = "com.apple.product-type.framework";
		};
/* End PBXNativeTarget section */

/* Begin PBXProject section */
		D43A138C2F2A3F35001FD7C6 /* Project object */ = {
			isa = PBXProject;
			attributes = {
				BuildIndependentTargetsInParallel = 1;
				LastSwiftUpdateCheck = 2620;
				LastUpgradeCheck = 2620;
				TargetAttributes = {
					D42456172F32B55000148264 = {
						CreatedOnToolsVersion = 26.2;
					};
					D451AB9D2F2D0FA100116B91 = {
						CreatedOnToolsVersion = 26.2;
					};
					D451ABE42F2D118A00116B91 = {
						CreatedOnToolsVersion = 26.2;
					};
				};
			};
			buildConfigurationList = D43A138F2F2A3F35001FD7C6 /* Build configuration list for PBXProject "BigJuJuMap" */;
			developmentRegion = en;
			hasScannedForEncodings = 0;
			knownRegions = (
				en,
				Base,
			);
			mainGroup = D43A138B2F2A3F35001FD7C6;
			minimizedProjectReferenceProxies = 1;
			packageReferences = (
				D44840F22F315BC20015A2AB /* XCRemoteSwiftPackageReference "RVS_Generic_Swift_Toolbox" */,
			);
			preferredProjectObjectVersion = 77;
			productRefGroup = D43A13962F2A3F35001FD7C6 /* Products */;
			projectDirPath = "";
			projectRoot = "";
			targets = (
				D42456172F32B55000148264 /* SwiftUITestHarness */,
				D451AB9D2F2D0FA100116B91 /* UIKitTestHarness */,
				D451ABE42F2D118A00116B91 /* BigJuJuMap */,
			);
		};
/* End PBXProject section */

/* Begin PBXResourcesBuildPhase section */
		D42456162F32B55000148264 /* Resources */ = {
			isa = PBXResourcesBuildPhase;
			buildActionMask = 2147483647;
			files = (
				D42456272F32B58800148264 /* Localizable.strings in Resources */,
				D42456242F32B57800148264 /* USA.csv in Resources */,
				D42456232F32B57200148264 /* Assets.xcassets in Resources */,
				D42456252F32B57D00148264 /* Omaha.csv in Resources */,
				D42456262F32B58300148264 /* Philadelphia.csv in Resources */,
			);
			runOnlyForDeploymentPostprocessing = 0;
		};
		D451AB9C2F2D0FA100116B91 /* Resources */ = {
			isa = PBXResourcesBuildPhase;
			buildActionMask = 2147483647;
			files = (
				D44840ED2F3155440015A2AB /* Omaha.csv in Resources */,
				D44840EE2F3155440015A2AB /* Philadelphia.csv in Resources */,
				D451ABC02F2D0FAA00116B91 /* Assets.xcassets in Resources */,
				D44840F12F3157E20015A2AB /* Localizable.strings in Resources */,
				D451ABC22F2D0FAA00116B91 /* LaunchScreen.storyboard in Resources */,
				D42A111C2F2D5465000C9277 /* USA.csv in Resources */,
				D451ABC32F2D0FAA00116B91 /* Main.storyboard in Resources */,
			);
			runOnlyForDeploymentPostprocessing = 0;
		};
		D451ABE32F2D118A00116B91 /* Resources */ = {
			isa = PBXResourcesBuildPhase;
			buildActionMask = 2147483647;
			files = (
				D41D83382F2EB7F800880103 /* Media.xcassets in Resources */,
			);
			runOnlyForDeploymentPostprocessing = 0;
		};
/* End PBXResourcesBuildPhase section */

/* Begin PBXSourcesBuildPhase section */
		D42456142F32B55000148264 /* Sources */ = {
			isa = PBXSourcesBuildPhase;
			buildActionMask = 2147483647;
			files = (
				D42456322F32B5C900148264 /* BJJM_SwiftUIMainView.swift in Sources */,
				D42456332F32B5C900148264 /* BJJM_SwiftUIApp.swift in Sources */,
			);
			runOnlyForDeploymentPostprocessing = 0;
		};
		D451AB9A2F2D0FA100116B91 /* Sources */ = {
			isa = PBXSourcesBuildPhase;
			buildActionMask = 2147483647;
			files = (
				D451ABBD2F2D0FAA00116B91 /* BJJM_AppDelegate.swift in Sources */,
				D451ABBE2F2D0FAA00116B91 /* BJJM_SceneDelegate.swift in Sources */,
				D451ABBF2F2D0FAA00116B91 /* BJJM_ViewController.swift in Sources */,
			);
			runOnlyForDeploymentPostprocessing = 0;
		};
		D451ABE12F2D118A00116B91 /* Sources */ = {
			isa = PBXSourcesBuildPhase;
			buildActionMask = 2147483647;
			files = (
				D451ABF12F2D119E00116B91 /* BigJuJuMap.docc in Sources */,
				D451ABF02F2D119600116B91 /* BigJuJuMap.swift in Sources */,
			);
			runOnlyForDeploymentPostprocessing = 0;
		};
/* End PBXSourcesBuildPhase section */

/* Begin PBXTargetDependency section */
		D424562D2F32B5AB00148264 /* PBXTargetDependency */ = {
			isa = PBXTargetDependency;
			target = D451ABE42F2D118A00116B91 /* BigJuJuMap */;
			targetProxy = D424562C2F32B5AB00148264 /* PBXContainerItemProxy */;
		};
		D451ABEA2F2D118A00116B91 /* PBXTargetDependency */ = {
			isa = PBXTargetDependency;
			target = D451ABE42F2D118A00116B91 /* BigJuJuMap */;
			targetProxy = D451ABE92F2D118A00116B91 /* PBXContainerItemProxy */;
		};
/* End PBXTargetDependency section */

/* Begin PBXVariantGroup section */
		D44840EF2F3157E20015A2AB /* Localizable.strings */ = {
			isa = PBXVariantGroup;
			children = (
				D44840F02F3157E20015A2AB /* en */,
			);
			name = Localizable.strings;
			sourceTree = "<group>";
		};
		D451ABB72F2D0FAA00116B91 /* LaunchScreen.storyboard */ = {
			isa = PBXVariantGroup;
			children = (
				D451ABB62F2D0FAA00116B91 /* Base */,
			);
			name = LaunchScreen.storyboard;
			sourceTree = "<group>";
		};
		D451ABB92F2D0FAA00116B91 /* Main.storyboard */ = {
			isa = PBXVariantGroup;
			children = (
				D451ABB82F2D0FAA00116B91 /* Base */,
			);
			name = Main.storyboard;
			sourceTree = "<group>";
		};
/* End PBXVariantGroup section */

/* Begin XCBuildConfiguration section */
		D42456202F32B55000148264 /* Debug */ = {
			isa = XCBuildConfiguration;
			buildSettings = {
				ASSETCATALOG_COMPILER_APPICON_NAME = AppIcon;
				ASSETCATALOG_COMPILER_GLOBAL_ACCENT_COLOR_NAME = AccentColor;
				CODE_SIGN_STYLE = Automatic;
				CURRENT_PROJECT_VERSION = 0000;
				DEVELOPMENT_TEAM = P53V4JS928;
				ENABLE_PREVIEWS = YES;
				GENERATE_INFOPLIST_FILE = YES;
				INFOPLIST_KEY_CFBundleDisplayName = "BigJuJuMap-SwiftUI";
				INFOPLIST_KEY_LSApplicationCategoryType = "public.app-category.developer-tools";
				INFOPLIST_KEY_UIApplicationSceneManifest_Generation = YES;
				INFOPLIST_KEY_UIApplicationSupportsIndirectInputEvents = YES;
				INFOPLIST_KEY_UILaunchScreen_Generation = YES;
				INFOPLIST_KEY_UISupportedInterfaceOrientations_iPad = "UIInterfaceOrientationPortrait UIInterfaceOrientationPortraitUpsideDown UIInterfaceOrientationLandscapeLeft UIInterfaceOrientationLandscapeRight";
				INFOPLIST_KEY_UISupportedInterfaceOrientations_iPhone = "UIInterfaceOrientationPortrait UIInterfaceOrientationLandscapeLeft UIInterfaceOrientationLandscapeRight";
				LD_RUNPATH_SEARCH_PATHS = (
					"$(inherited)",
					"@executable_path/Frameworks",
				);
				MARKETING_VERSION = 1.0.0;
				PRODUCT_BUNDLE_IDENTIFIER = "com.litlegreenviper.BJJM-SwiftUI-TestHarness";
				PRODUCT_NAME = "$(TARGET_NAME)";
				STRING_CATALOG_GENERATE_SYMBOLS = YES;
				SWIFT_APPROACHABLE_CONCURRENCY = YES;
				SWIFT_DEFAULT_ACTOR_ISOLATION = MainActor;
				SWIFT_EMIT_LOC_STRINGS = YES;
				SWIFT_UPCOMING_FEATURE_MEMBER_IMPORT_VISIBILITY = YES;
				SWIFT_VERSION = 5.0;
				TARGETED_DEVICE_FAMILY = "1,2";
			};
			name = Debug;
		};
		D42456212F32B55000148264 /* Release */ = {
			isa = XCBuildConfiguration;
			buildSettings = {
				ASSETCATALOG_COMPILER_APPICON_NAME = AppIcon;
				ASSETCATALOG_COMPILER_GLOBAL_ACCENT_COLOR_NAME = AccentColor;
				CODE_SIGN_STYLE = Automatic;
				CURRENT_PROJECT_VERSION = 0000;
				DEVELOPMENT_TEAM = P53V4JS928;
				ENABLE_PREVIEWS = YES;
				GENERATE_INFOPLIST_FILE = YES;
				INFOPLIST_KEY_CFBundleDisplayName = "BigJuJuMap-SwiftUI";
				INFOPLIST_KEY_LSApplicationCategoryType = "public.app-category.developer-tools";
				INFOPLIST_KEY_UIApplicationSceneManifest_Generation = YES;
				INFOPLIST_KEY_UIApplicationSupportsIndirectInputEvents = YES;
				INFOPLIST_KEY_UILaunchScreen_Generation = YES;
				INFOPLIST_KEY_UISupportedInterfaceOrientations_iPad = "UIInterfaceOrientationPortrait UIInterfaceOrientationPortraitUpsideDown UIInterfaceOrientationLandscapeLeft UIInterfaceOrientationLandscapeRight";
				INFOPLIST_KEY_UISupportedInterfaceOrientations_iPhone = "UIInterfaceOrientationPortrait UIInterfaceOrientationLandscapeLeft UIInterfaceOrientationLandscapeRight";
				LD_RUNPATH_SEARCH_PATHS = (
					"$(inherited)",
					"@executable_path/Frameworks",
				);
				MARKETING_VERSION = 1.0.0;
				PRODUCT_BUNDLE_IDENTIFIER = "com.litlegreenviper.BJJM-SwiftUI-TestHarness";
				PRODUCT_NAME = "$(TARGET_NAME)";
				STRING_CATALOG_GENERATE_SYMBOLS = YES;
				SWIFT_APPROACHABLE_CONCURRENCY = YES;
				SWIFT_DEFAULT_ACTOR_ISOLATION = MainActor;
				SWIFT_EMIT_LOC_STRINGS = YES;
				SWIFT_UPCOMING_FEATURE_MEMBER_IMPORT_VISIBILITY = YES;
				SWIFT_VERSION = 5.0;
				TARGETED_DEVICE_FAMILY = "1,2";
			};
			name = Release;
		};
		D43A139C2F2A3F35001FD7C6 /* Debug */ = {
			isa = XCBuildConfiguration;
			buildSettings = {
				ALWAYS_SEARCH_USER_PATHS = NO;
				ASSETCATALOG_COMPILER_GENERATE_SWIFT_ASSET_SYMBOL_EXTENSIONS = YES;
				CLANG_ANALYZER_NONNULL = YES;
				CLANG_ANALYZER_NUMBER_OBJECT_CONVERSION = YES_AGGRESSIVE;
				CLANG_CXX_LANGUAGE_STANDARD = "gnu++20";
				CLANG_ENABLE_MODULES = YES;
				CLANG_ENABLE_OBJC_ARC = YES;
				CLANG_ENABLE_OBJC_WEAK = YES;
				CLANG_WARN_BLOCK_CAPTURE_AUTORELEASING = YES;
				CLANG_WARN_BOOL_CONVERSION = YES;
				CLANG_WARN_COMMA = YES;
				CLANG_WARN_CONSTANT_CONVERSION = YES;
				CLANG_WARN_DEPRECATED_OBJC_IMPLEMENTATIONS = YES;
				CLANG_WARN_DIRECT_OBJC_ISA_USAGE = YES_ERROR;
				CLANG_WARN_DOCUMENTATION_COMMENTS = YES;
				CLANG_WARN_EMPTY_BODY = YES;
				CLANG_WARN_ENUM_CONVERSION = YES;
				CLANG_WARN_INFINITE_RECURSION = YES;
				CLANG_WARN_INT_CONVERSION = YES;
				CLANG_WARN_NON_LITERAL_NULL_CONVERSION = YES;
				CLANG_WARN_OBJC_IMPLICIT_RETAIN_SELF = YES;
				CLANG_WARN_OBJC_LITERAL_CONVERSION = YES;
				CLANG_WARN_OBJC_ROOT_CLASS = YES_ERROR;
				CLANG_WARN_QUOTED_INCLUDE_IN_FRAMEWORK_HEADER = YES;
				CLANG_WARN_RANGE_LOOP_ANALYSIS = YES;
				CLANG_WARN_STRICT_PROTOTYPES = YES;
				CLANG_WARN_SUSPICIOUS_MOVE = YES;
				CLANG_WARN_UNGUARDED_AVAILABILITY = YES_AGGRESSIVE;
				CLANG_WARN_UNREACHABLE_CODE = YES;
				CLANG_WARN__DUPLICATE_METHOD_MATCH = YES;
				COPY_PHASE_STRIP = NO;
				CURRENT_PROJECT_VERSION = 1;
				DEBUG_INFORMATION_FORMAT = dwarf;
				DEVELOPMENT_TEAM = P53V4JS928;
				ENABLE_STRICT_OBJC_MSGSEND = YES;
				ENABLE_TESTABILITY = YES;
				ENABLE_USER_SCRIPT_SANDBOXING = YES;
				GCC_C_LANGUAGE_STANDARD = gnu17;
				GCC_DYNAMIC_NO_PIC = NO;
				GCC_NO_COMMON_BLOCKS = YES;
				GCC_OPTIMIZATION_LEVEL = 0;
				GCC_PREPROCESSOR_DEFINITIONS = (
					"DEBUG=1",
					"$(inherited)",
				);
				GCC_WARN_64_TO_32_BIT_CONVERSION = YES;
				GCC_WARN_ABOUT_RETURN_TYPE = YES_ERROR;
				GCC_WARN_UNDECLARED_SELECTOR = YES;
				GCC_WARN_UNINITIALIZED_AUTOS = YES_AGGRESSIVE;
				GCC_WARN_UNUSED_FUNCTION = YES;
				GCC_WARN_UNUSED_VARIABLE = YES;
				IPHONEOS_DEPLOYMENT_TARGET = 26.2;
				LOCALIZATION_PREFERS_STRING_CATALOGS = YES;
				MTL_ENABLE_DEBUG_INFO = INCLUDE_SOURCE;
				MTL_FAST_MATH = YES;
				ONLY_ACTIVE_ARCH = YES;
				SDKROOT = iphoneos;
				SWIFT_ACTIVE_COMPILATION_CONDITIONS = "DEBUG $(inherited)";
				SWIFT_OPTIMIZATION_LEVEL = "-Onone";
				VERSIONING_SYSTEM = "apple-generic";
				VERSION_INFO_PREFIX = "";
			};
			name = Debug;
		};
		D43A139D2F2A3F35001FD7C6 /* Release */ = {
			isa = XCBuildConfiguration;
			buildSettings = {
				ALWAYS_SEARCH_USER_PATHS = NO;
				ASSETCATALOG_COMPILER_GENERATE_SWIFT_ASSET_SYMBOL_EXTENSIONS = YES;
				CLANG_ANALYZER_NONNULL = YES;
				CLANG_ANALYZER_NUMBER_OBJECT_CONVERSION = YES_AGGRESSIVE;
				CLANG_CXX_LANGUAGE_STANDARD = "gnu++20";
				CLANG_ENABLE_MODULES = YES;
				CLANG_ENABLE_OBJC_ARC = YES;
				CLANG_ENABLE_OBJC_WEAK = YES;
				CLANG_WARN_BLOCK_CAPTURE_AUTORELEASING = YES;
				CLANG_WARN_BOOL_CONVERSION = YES;
				CLANG_WARN_COMMA = YES;
				CLANG_WARN_CONSTANT_CONVERSION = YES;
				CLANG_WARN_DEPRECATED_OBJC_IMPLEMENTATIONS = YES;
				CLANG_WARN_DIRECT_OBJC_ISA_USAGE = YES_ERROR;
				CLANG_WARN_DOCUMENTATION_COMMENTS = YES;
				CLANG_WARN_EMPTY_BODY = YES;
				CLANG_WARN_ENUM_CONVERSION = YES;
				CLANG_WARN_INFINITE_RECURSION = YES;
				CLANG_WARN_INT_CONVERSION = YES;
				CLANG_WARN_NON_LITERAL_NULL_CONVERSION = YES;
				CLANG_WARN_OBJC_IMPLICIT_RETAIN_SELF = YES;
				CLANG_WARN_OBJC_LITERAL_CONVERSION = YES;
				CLANG_WARN_OBJC_ROOT_CLASS = YES_ERROR;
				CLANG_WARN_QUOTED_INCLUDE_IN_FRAMEWORK_HEADER = YES;
				CLANG_WARN_RANGE_LOOP_ANALYSIS = YES;
				CLANG_WARN_STRICT_PROTOTYPES = YES;
				CLANG_WARN_SUSPICIOUS_MOVE = YES;
				CLANG_WARN_UNGUARDED_AVAILABILITY = YES_AGGRESSIVE;
				CLANG_WARN_UNREACHABLE_CODE = YES;
				CLANG_WARN__DUPLICATE_METHOD_MATCH = YES;
				COPY_PHASE_STRIP = NO;
				CURRENT_PROJECT_VERSION = 1;
				DEBUG_INFORMATION_FORMAT = "dwarf-with-dsym";
				DEVELOPMENT_TEAM = P53V4JS928;
				ENABLE_NS_ASSERTIONS = NO;
				ENABLE_STRICT_OBJC_MSGSEND = YES;
				ENABLE_USER_SCRIPT_SANDBOXING = YES;
				GCC_C_LANGUAGE_STANDARD = gnu17;
				GCC_NO_COMMON_BLOCKS = YES;
				GCC_WARN_64_TO_32_BIT_CONVERSION = YES;
				GCC_WARN_ABOUT_RETURN_TYPE = YES_ERROR;
				GCC_WARN_UNDECLARED_SELECTOR = YES;
				GCC_WARN_UNINITIALIZED_AUTOS = YES_AGGRESSIVE;
				GCC_WARN_UNUSED_FUNCTION = YES;
				GCC_WARN_UNUSED_VARIABLE = YES;
				IPHONEOS_DEPLOYMENT_TARGET = 26.2;
				LOCALIZATION_PREFERS_STRING_CATALOGS = YES;
				MTL_ENABLE_DEBUG_INFO = NO;
				MTL_FAST_MATH = YES;
				SDKROOT = iphoneos;
				SWIFT_COMPILATION_MODE = wholemodule;
				VALIDATE_PRODUCT = YES;
				VERSIONING_SYSTEM = "apple-generic";
				VERSION_INFO_PREFIX = "";
			};
			name = Release;
		};
		D451ABB12F2D0FA100116B91 /* Debug */ = {
			isa = XCBuildConfiguration;
			buildSettings = {
				ASSETCATALOG_COMPILER_APPICON_NAME = AppIcon;
				ASSETCATALOG_COMPILER_GLOBAL_ACCENT_COLOR_NAME = AccentColor;
				CODE_SIGN_STYLE = Automatic;
				CURRENT_PROJECT_VERSION = 0000;
				DEVELOPMENT_ASSET_PATHS = "";
				DEVELOPMENT_TEAM = P53V4JS928;
				GENERATE_INFOPLIST_FILE = YES;
				INFOPLIST_FILE = Tests/UIKitTestHarness/Meta/Info.plist;
				INFOPLIST_KEY_CFBundleDisplayName = "BigJuJuMap-UIKit";
				INFOPLIST_KEY_LSApplicationCategoryType = "public.app-category.developer-tools";
				INFOPLIST_KEY_UIApplicationSupportsIndirectInputEvents = YES;
				INFOPLIST_KEY_UILaunchStoryboardName = LaunchScreen;
				INFOPLIST_KEY_UIMainStoryboardFile = Main;
				INFOPLIST_KEY_UISupportedInterfaceOrientations_iPad = "UIInterfaceOrientationPortrait UIInterfaceOrientationPortraitUpsideDown UIInterfaceOrientationLandscapeLeft UIInterfaceOrientationLandscapeRight";
				INFOPLIST_KEY_UISupportedInterfaceOrientations_iPhone = "UIInterfaceOrientationPortrait UIInterfaceOrientationLandscapeLeft UIInterfaceOrientationLandscapeRight";
				IPHONEOS_DEPLOYMENT_TARGET = 17.0;
				LD_RUNPATH_SEARCH_PATHS = (
					"$(inherited)",
					"@executable_path/Frameworks",
				);
				MARKETING_VERSION = 1.0.0;
				PRODUCT_BUNDLE_IDENTIFIER = "com.litlegreenviper.BJJM-UIKit-TestHarness";
				PRODUCT_NAME = "$(TARGET_NAME)";
				STRING_CATALOG_GENERATE_SYMBOLS = YES;
				SWIFT_APPROACHABLE_CONCURRENCY = YES;
				SWIFT_DEFAULT_ACTOR_ISOLATION = MainActor;
				SWIFT_EMIT_LOC_STRINGS = YES;
				SWIFT_UPCOMING_FEATURE_MEMBER_IMPORT_VISIBILITY = YES;
				SWIFT_VERSION = 5.0;
				TARGETED_DEVICE_FAMILY = "1,2";
			};
			name = Debug;
		};
		D451ABB22F2D0FA100116B91 /* Release */ = {
			isa = XCBuildConfiguration;
			buildSettings = {
				ASSETCATALOG_COMPILER_APPICON_NAME = AppIcon;
				ASSETCATALOG_COMPILER_GLOBAL_ACCENT_COLOR_NAME = AccentColor;
				CODE_SIGN_STYLE = Automatic;
				CURRENT_PROJECT_VERSION = 0000;
				DEVELOPMENT_ASSET_PATHS = "";
				DEVELOPMENT_TEAM = P53V4JS928;
				GENERATE_INFOPLIST_FILE = YES;
				INFOPLIST_FILE = Tests/UIKitTestHarness/Meta/Info.plist;
				INFOPLIST_KEY_CFBundleDisplayName = "BigJuJuMap-UIKit";
				INFOPLIST_KEY_LSApplicationCategoryType = "public.app-category.developer-tools";
				INFOPLIST_KEY_UIApplicationSupportsIndirectInputEvents = YES;
				INFOPLIST_KEY_UILaunchStoryboardName = LaunchScreen;
				INFOPLIST_KEY_UIMainStoryboardFile = Main;
				INFOPLIST_KEY_UISupportedInterfaceOrientations_iPad = "UIInterfaceOrientationPortrait UIInterfaceOrientationPortraitUpsideDown UIInterfaceOrientationLandscapeLeft UIInterfaceOrientationLandscapeRight";
				INFOPLIST_KEY_UISupportedInterfaceOrientations_iPhone = "UIInterfaceOrientationPortrait UIInterfaceOrientationLandscapeLeft UIInterfaceOrientationLandscapeRight";
				IPHONEOS_DEPLOYMENT_TARGET = 17.0;
				LD_RUNPATH_SEARCH_PATHS = (
					"$(inherited)",
					"@executable_path/Frameworks",
				);
				MARKETING_VERSION = 1.0.0;
				PRODUCT_BUNDLE_IDENTIFIER = "com.litlegreenviper.BJJM-UIKit-TestHarness";
				PRODUCT_NAME = "$(TARGET_NAME)";
				STRING_CATALOG_GENERATE_SYMBOLS = YES;
				SWIFT_APPROACHABLE_CONCURRENCY = YES;
				SWIFT_DEFAULT_ACTOR_ISOLATION = MainActor;
				SWIFT_EMIT_LOC_STRINGS = YES;
				SWIFT_UPCOMING_FEATURE_MEMBER_IMPORT_VISIBILITY = YES;
				SWIFT_VERSION = 5.0;
				TARGETED_DEVICE_FAMILY = "1,2";
			};
			name = Release;
		};
		D451ABEE2F2D118A00116B91 /* Debug */ = {
			isa = XCBuildConfiguration;
			buildSettings = {
				BUILD_LIBRARY_FOR_DISTRIBUTION = YES;
				CODE_SIGN_STYLE = Automatic;
				CURRENT_PROJECT_VERSION = 1;
				DEVELOPMENT_TEAM = P53V4JS928;
				DYLIB_COMPATIBILITY_VERSION = 1;
				DYLIB_CURRENT_VERSION = 1;
				DYLIB_INSTALL_NAME_BASE = "@rpath";
				ENABLE_MODULE_VERIFIER = YES;
				GENERATE_INFOPLIST_FILE = YES;
				INFOPLIST_KEY_NSHumanReadableCopyright = "";
				INSTALL_PATH = "$(LOCAL_LIBRARY_DIR)/Frameworks";
				IPHONEOS_DEPLOYMENT_TARGET = 17.0;
				LD_RUNPATH_SEARCH_PATHS = (
					"$(inherited)",
					"@executable_path/Frameworks",
					"@loader_path/Frameworks",
				);
				MARKETING_VERSION = 1.0;
				MODULE_VERIFIER_SUPPORTED_LANGUAGES = "objective-c objective-c++";
				MODULE_VERIFIER_SUPPORTED_LANGUAGE_STANDARDS = "gnu17 gnu++20";
				PRODUCT_BUNDLE_IDENTIFIER = com.litlegreenviper.BigJuJuMap;
				PRODUCT_NAME = "$(TARGET_NAME:c99extidentifier)";
				SKIP_INSTALL = YES;
				STRING_CATALOG_GENERATE_SYMBOLS = YES;
				SUPPORTED_PLATFORMS = "iphoneos iphonesimulator";
				SUPPORTS_MACCATALYST = NO;
				SUPPORTS_MAC_DESIGNED_FOR_IPHONE_IPAD = NO;
				SUPPORTS_XR_DESIGNED_FOR_IPHONE_IPAD = NO;
				SWIFT_APPROACHABLE_CONCURRENCY = YES;
				SWIFT_EMIT_LOC_STRINGS = YES;
				SWIFT_INSTALL_MODULE = YES;
				SWIFT_INSTALL_OBJC_HEADER = NO;
				SWIFT_UPCOMING_FEATURE_MEMBER_IMPORT_VISIBILITY = YES;
				SWIFT_VERSION = 5.0;
				TARGETED_DEVICE_FAMILY = "1,2";
			};
			name = Debug;
		};
		D451ABEF2F2D118A00116B91 /* Release */ = {
			isa = XCBuildConfiguration;
			buildSettings = {
				BUILD_LIBRARY_FOR_DISTRIBUTION = YES;
				CODE_SIGN_STYLE = Automatic;
				CURRENT_PROJECT_VERSION = 1;
				DEVELOPMENT_TEAM = P53V4JS928;
				DYLIB_COMPATIBILITY_VERSION = 1;
				DYLIB_CURRENT_VERSION = 1;
				DYLIB_INSTALL_NAME_BASE = "@rpath";
				ENABLE_MODULE_VERIFIER = YES;
				GENERATE_INFOPLIST_FILE = YES;
				INFOPLIST_KEY_NSHumanReadableCopyright = "";
				INSTALL_PATH = "$(LOCAL_LIBRARY_DIR)/Frameworks";
				IPHONEOS_DEPLOYMENT_TARGET = 17.0;
				LD_RUNPATH_SEARCH_PATHS = (
					"$(inherited)",
					"@executable_path/Frameworks",
					"@loader_path/Frameworks",
				);
				MARKETING_VERSION = 1.0;
				MODULE_VERIFIER_SUPPORTED_LANGUAGES = "objective-c objective-c++";
				MODULE_VERIFIER_SUPPORTED_LANGUAGE_STANDARDS = "gnu17 gnu++20";
				PRODUCT_BUNDLE_IDENTIFIER = com.litlegreenviper.BigJuJuMap;
				PRODUCT_NAME = "$(TARGET_NAME:c99extidentifier)";
				SKIP_INSTALL = YES;
				STRING_CATALOG_GENERATE_SYMBOLS = YES;
				SUPPORTED_PLATFORMS = "iphoneos iphonesimulator";
				SUPPORTS_MACCATALYST = NO;
				SUPPORTS_MAC_DESIGNED_FOR_IPHONE_IPAD = NO;
				SUPPORTS_XR_DESIGNED_FOR_IPHONE_IPAD = NO;
				SWIFT_APPROACHABLE_CONCURRENCY = YES;
				SWIFT_EMIT_LOC_STRINGS = YES;
				SWIFT_INSTALL_MODULE = YES;
				SWIFT_INSTALL_OBJC_HEADER = NO;
				SWIFT_UPCOMING_FEATURE_MEMBER_IMPORT_VISIBILITY = YES;
				SWIFT_VERSION = 5.0;
				TARGETED_DEVICE_FAMILY = "1,2";
			};
			name = Release;
		};
/* End XCBuildConfiguration section */

/* Begin XCConfigurationList section */
		D42456222F32B55000148264 /* Build configuration list for PBXNativeTarget "SwiftUITestHarness" */ = {
			isa = XCConfigurationList;
			buildConfigurations = (
				D42456202F32B55000148264 /* Debug */,
				D42456212F32B55000148264 /* Release */,
			);
			defaultConfigurationIsVisible = 0;
			defaultConfigurationName = Release;
		};
		D43A138F2F2A3F35001FD7C6 /* Build configuration list for PBXProject "BigJuJuMap" */ = {
			isa = XCConfigurationList;
			buildConfigurations = (
				D43A139C2F2A3F35001FD7C6 /* Debug */,
				D43A139D2F2A3F35001FD7C6 /* Release */,
			);
			defaultConfigurationIsVisible = 0;
			defaultConfigurationName = Release;
		};
		D451ABB02F2D0FA100116B91 /* Build configuration list for PBXNativeTarget "UIKitTestHarness" */ = {
			isa = XCConfigurationList;
			buildConfigurations = (
				D451ABB12F2D0FA100116B91 /* Debug */,
				D451ABB22F2D0FA100116B91 /* Release */,
			);
			defaultConfigurationIsVisible = 0;
			defaultConfigurationName = Release;
		};
		D451ABED2F2D118A00116B91 /* Build configuration list for PBXNativeTarget "BigJuJuMap" */ = {
			isa = XCConfigurationList;
			buildConfigurations = (
				D451ABEE2F2D118A00116B91 /* Debug */,
				D451ABEF2F2D118A00116B91 /* Release */,
			);
			defaultConfigurationIsVisible = 0;
			defaultConfigurationName = Release;
		};
/* End XCConfigurationList section */

/* Begin XCRemoteSwiftPackageReference section */
		D44840F22F315BC20015A2AB /* XCRemoteSwiftPackageReference "RVS_Generic_Swift_Toolbox" */ = {
			isa = XCRemoteSwiftPackageReference;
			repositoryURL = "https://github.com/RiftValleySoftware/RVS_Generic_Swift_Toolbox";
			requirement = {
				kind = upToNextMajorVersion;
				minimumVersion = 1.16.2;
			};
		};
/* End XCRemoteSwiftPackageReference section */

/* Begin XCSwiftPackageProductDependency section */
		D42456282F32B5AB00148264 /* RVS_Generic_Swift_Toolbox */ = {
			isa = XCSwiftPackageProductDependency;
			package = D44840F22F315BC20015A2AB /* XCRemoteSwiftPackageReference "RVS_Generic_Swift_Toolbox" */;
			productName = RVS_Generic_Swift_Toolbox;
		};
		D44840F32F315BC20015A2AB /* RVS_Generic_Swift_Toolbox */ = {
			isa = XCSwiftPackageProductDependency;
			package = D44840F22F315BC20015A2AB /* XCRemoteSwiftPackageReference "RVS_Generic_Swift_Toolbox" */;
			productName = RVS_Generic_Swift_Toolbox;
		};
/* End XCSwiftPackageProductDependency section */
	};
	rootObject = D43A138C2F2A3F35001FD7C6 /* Project object */;
}
